
Microsoft Visual Studio Solution File, Format Version 12.00
# Visual Studio Version 16
VisualStudioVersion = 16.0.32228.343
MinimumVisualStudioVersion = 10.0.40219.1
Project("{FAE04EC0-301F-11D3-BF4B-00C04F79EFBC}") = "ConsoleApp1", "ConsoleApp1\ConsoleApp1.csproj", "{762BB24A-6B3A-4B57-9842-7E64AFF00C9A}"
EndProject
Global
	GlobalSection(SolutionConfigurationPlatforms) = preSolution
		Debug|Any CPU = Debug|Any CPU
		Release|Any CPU = Release|Any CPU
	EndGlobalSection
	GlobalSection(ProjectConfigurationPlatforms) = postSolution
		{762BB24A-6B3A-4B57-9842-7E64AFF00C9A}.Debug|Any CPU.ActiveCfg = Debug|Any CPU
		{762BB24A-6B3A-4B57-9842-7E64AFF00C9A}.Debug|Any CPU.Build.0 = Debug|Any CPU
		{762BB24A-6B3A-4B57-9842-7E64AFF00C9A}.Release|Any CPU.ActiveCfg = Release|Any CPU
		{762BB24A-6B3A-4B57-9842-7E64AFF00C9A}.Release|Any CPU.Build.0 = Release|Any CPU
	EndGlobalSection
	GlobalSection(SolutionProperties) = preSolution
		HideSolutionNode = FALSE
	EndGlobalSection
	GlobalSection(ExtensibilityGlobals) = postSolution
		SolutionGuid = {B464E543-0A01-41AE-B3CC-8B9A7C8F62FA}
	EndGlobalSection
EndGlobal
